
Microsoft Visual Studio Solution File, Format Version 12.00
# Visual Studio 2012
Project("{FAE04EC0-301F-11D3-BF4B-00C04F79EFBC}") = "NAudio.Basic", "NAudio.Basic\NAudio.Basic.csproj", "{B946AA38-3B75-45AF-96F0-5C9A63B3F517}"
EndProject
Project("{2150E333-8FDC-42A3-9474-1A3956D46DE8}") = "Audio Playback", "Audio Playback", "{8C53FABF-9558-42C8-89F8-6BDD93369126}"
EndProject
Project("{FAE04EC0-301F-11D3-BF4B-00C04F79EFBC}") = "NAudio.SpectrumAnalyser", "NAudio.SpectrumAnalyser\NAudio.SpectrumAnalyser.csproj", "{B5F2DA9D-D019-41DC-96BD-5AFADB898D18}"
EndProject
Project("{2150E333-8FDC-42A3-9474-1A3956D46DE8}") = "IPC", "IPC", "{844287EE-A1A9-4CD7-871D-4B87AD9EA4F9}"
EndProject
Project("{2150E333-8FDC-42A3-9474-1A3956D46DE8}") = "Basic", "Basic", "{E1438D5D-1C1E-44C5-875B-BBA18ECDF73E}"
EndProject
Project("{FAE04EC0-301F-11D3-BF4B-00C04F79EFBC}") = "IPC.NamedPipes.Basic.Client", "IPC.NamedPipes.Basic.Client\IPC.NamedPipes.Basic.Client.csproj", "{6DDC9001-A6D2-4E65-8DB0-DF9CD47A96A6}"
EndProject
Project("{FAE04EC0-301F-11D3-BF4B-00C04F79EFBC}") = "IPC.NamedPipes.Basic.Server", "IPC.NamedPipes.Basic.Server\IPC.NamedPipes.Basic.Server.csproj", "{CDDEE03D-A87F-43B8-B867-765C09A462F0}"
EndProject
Project("{2150E333-8FDC-42A3-9474-1A3956D46DE8}") = "LoadTest", "LoadTest", "{1C6BE043-4C97-4BCD-8FC5-9076E4094EB3}"
EndProject
Project("{FAE04EC0-301F-11D3-BF4B-00C04F79EFBC}") = "IPC.NamedPipes.LoadTest.Client", "IPC.NamedPipes.LoadTest.Client\IPC.NamedPipes.LoadTest.Client.csproj", "{52F85A88-66C4-42A5-B48A-F609F732B2C5}"
EndProject
Project("{FAE04EC0-301F-11D3-BF4B-00C04F79EFBC}") = "IPC.NamedPipes.LoadTest.Server", "IPC.NamedPipes.LoadTest.Server\IPC.NamedPipes.LoadTest.Server.csproj", "{36EE791F-BFDA-42EE-A1A2-1BA2F02F4EE9}"
EndProject
Global
	GlobalSection(SolutionConfigurationPlatforms) = preSolution
		Debug|Any CPU = Debug|Any CPU
		Release|Any CPU = Release|Any CPU
	EndGlobalSection
	GlobalSection(ProjectConfigurationPlatforms) = postSolution
		{B946AA38-3B75-45AF-96F0-5C9A63B3F517}.Debug|Any CPU.ActiveCfg = Debug|Any CPU
		{B946AA38-3B75-45AF-96F0-5C9A63B3F517}.Debug|Any CPU.Build.0 = Debug|Any CPU
		{B946AA38-3B75-45AF-96F0-5C9A63B3F517}.Release|Any CPU.ActiveCfg = Release|Any CPU
		{B946AA38-3B75-45AF-96F0-5C9A63B3F517}.Release|Any CPU.Build.0 = Release|Any CPU
		{B5F2DA9D-D019-41DC-96BD-5AFADB898D18}.Debug|Any CPU.ActiveCfg = Debug|Any CPU
		{B5F2DA9D-D019-41DC-96BD-5AFADB898D18}.Debug|Any CPU.Build.0 = Debug|Any CPU
		{B5F2DA9D-D019-41DC-96BD-5AFADB898D18}.Release|Any CPU.ActiveCfg = Release|Any CPU
		{B5F2DA9D-D019-41DC-96BD-5AFADB898D18}.Release|Any CPU.Build.0 = Release|Any CPU
		{6DDC9001-A6D2-4E65-8DB0-DF9CD47A96A6}.Debug|Any CPU.ActiveCfg = Debug|Any CPU
		{6DDC9001-A6D2-4E65-8DB0-DF9CD47A96A6}.Debug|Any CPU.Build.0 = Debug|Any CPU
		{6DDC9001-A6D2-4E65-8DB0-DF9CD47A96A6}.Release|Any CPU.ActiveCfg = Release|Any CPU
		{6DDC9001-A6D2-4E65-8DB0-DF9CD47A96A6}.Release|Any CPU.Build.0 = Release|Any CPU
		{CDDEE03D-A87F-43B8-B867-765C09A462F0}.Debug|Any CPU.ActiveCfg = Debug|Any CPU
		{CDDEE03D-A87F-43B8-B867-765C09A462F0}.Debug|Any CPU.Build.0 = Debug|Any CPU
		{CDDEE03D-A87F-43B8-B867-765C09A462F0}.Release|Any CPU.ActiveCfg = Release|Any CPU
		{CDDEE03D-A87F-43B8-B867-765C09A462F0}.Release|Any CPU.Build.0 = Release|Any CPU
		{52F85A88-66C4-42A5-B48A-F609F732B2C5}.Debug|Any CPU.ActiveCfg = Debug|Any CPU
		{52F85A88-66C4-42A5-B48A-F609F732B2C5}.Debug|Any CPU.Build.0 = Debug|Any CPU
		{52F85A88-66C4-42A5-B48A-F609F732B2C5}.Release|Any CPU.ActiveCfg = Release|Any CPU
		{52F85A88-66C4-42A5-B48A-F609F732B2C5}.Release|Any CPU.Build.0 = Release|Any CPU
		{36EE791F-BFDA-42EE-A1A2-1BA2F02F4EE9}.Debug|Any CPU.ActiveCfg = Debug|Any CPU
		{36EE791F-BFDA-42EE-A1A2-1BA2F02F4EE9}.Debug|Any CPU.Build.0 = Debug|Any CPU
		{36EE791F-BFDA-42EE-A1A2-1BA2F02F4EE9}.Release|Any CPU.ActiveCfg = Release|Any CPU
		{36EE791F-BFDA-42EE-A1A2-1BA2F02F4EE9}.Release|Any CPU.Build.0 = Release|Any CPU
	EndGlobalSection
	GlobalSection(SolutionProperties) = preSolution
		HideSolutionNode = FALSE
	EndGlobalSection
	GlobalSection(NestedProjects) = preSolution
		{B946AA38-3B75-45AF-96F0-5C9A63B3F517} = {8C53FABF-9558-42C8-89F8-6BDD93369126}
		{B5F2DA9D-D019-41DC-96BD-5AFADB898D18} = {8C53FABF-9558-42C8-89F8-6BDD93369126}
		{E1438D5D-1C1E-44C5-875B-BBA18ECDF73E} = {844287EE-A1A9-4CD7-871D-4B87AD9EA4F9}
		{1C6BE043-4C97-4BCD-8FC5-9076E4094EB3} = {844287EE-A1A9-4CD7-871D-4B87AD9EA4F9}
		{6DDC9001-A6D2-4E65-8DB0-DF9CD47A96A6} = {E1438D5D-1C1E-44C5-875B-BBA18ECDF73E}
		{CDDEE03D-A87F-43B8-B867-765C09A462F0} = {E1438D5D-1C1E-44C5-875B-BBA18ECDF73E}
		{52F85A88-66C4-42A5-B48A-F609F732B2C5} = {1C6BE043-4C97-4BCD-8FC5-9076E4094EB3}
		{36EE791F-BFDA-42EE-A1A2-1BA2F02F4EE9} = {1C6BE043-4C97-4BCD-8FC5-9076E4094EB3}
	EndGlobalSection
EndGlobal
